// !$*UTF8*$!
{
	archiveVersion = 1;
	classes = {
	};
	objectVersion = 55;
	objects = {

/* Begin PBXBuildFile section */
		3AFBD8F828A56BD600E8661D /* App01_MiPerfilApp.swift in Sources */ = {isa = PBXBuildFile; fileRef = 3AFBD8F728A56BD600E8661D /* App01_MiPerfilApp.swift */; };
		3AFBD8FA28A56BD600E8661D /* HomeView.swift in Sources */ = {isa = PBXBuildFile; fileRef = 3AFBD8F928A56BD600E8661D /* HomeView.swift */; };
		3AFBD8FC28A56BD700E8661D /* Assets.xcassets in Resources */ = {isa = PBXBuildFile; fileRef = 3AFBD8FB28A56BD700E8661D /* Assets.xcassets */; };
		3AFBD8FF28A56BD700E8661D /* Preview Assets.xcassets in Resources */ = {isa = PBXBuildFile; fileRef = 3AFBD8FE28A56BD700E8661D /* Preview Assets.xcassets */; };
		3AFBD90928A577B800E8661D /* Roboto-Italic.ttf in Resources */ = {isa = PBXBuildFile; fileRef = 3AFBD90628A577B800E8661D /* Roboto-Italic.ttf */; };
		3AFBD90A28A577B800E8661D /* Roboto-Regular.ttf in Resources */ = {isa = PBXBuildFile; fileRef = 3AFBD90728A577B800E8661D /* Roboto-Regular.ttf */; };
		3AFBD90B28A577B800E8661D /* Roboto-Bold.ttf in Resources */ = {isa = PBXBuildFile; fileRef = 3AFBD90828A577B800E8661D /* Roboto-Bold.ttf */; };
		3AFBD90E28A5876D00E8661D /* Fonts.swift in Sources */ = {isa = PBXBuildFile; fileRef = 3AFBD90D28A5876D00E8661D /* Fonts.swift */; };
		3AFBD91028A58A4E00E8661D /* TextView.swift in Sources */ = {isa = PBXBuildFile; fileRef = 3AFBD90F28A58A4E00E8661D /* TextView.swift */; };
		3AFBD91228A58D3200E8661D /* DataView.swift in Sources */ = {isa = PBXBuildFile; fileRef = 3AFBD91128A58D3200E8661D /* DataView.swift */; };
/* End PBXBuildFile section */

/* Begin PBXFileReference section */
		3AFBD8F428A56BD600E8661D /* App01-MiPerfil.app */ = {isa = PBXFileReference; explicitFileType = wrapper.application; includeInIndex = 0; path = "App01-MiPerfil.app"; sourceTree = BUILT_PRODUCTS_DIR; };
		3AFBD8F728A56BD600E8661D /* App01_MiPerfilApp.swift */ = {isa = PBXFileReference; lastKnownFileType = sourcecode.swift; path = App01_MiPerfilApp.swift; sourceTree = "<group>"; };
		3AFBD8F928A56BD600E8661D /* HomeView.swift */ = {isa = PBXFileReference; lastKnownFileType = sourcecode.swift; path = HomeView.swift; sourceTree = "<group>"; };
		3AFBD8FB28A56BD700E8661D /* Assets.xcassets */ = {isa = PBXFileReference; lastKnownFileType = folder.assetcatalog; path = Assets.xcassets; sourceTree = "<group>"; };
		3AFBD8FE28A56BD700E8661D /* Preview Assets.xcassets */ = {isa = PBXFileReference; lastKnownFileType = folder.assetcatalog; path = "Preview Assets.xcassets"; sourceTree = "<group>"; };
		3AFBD90628A577B800E8661D /* Roboto-Italic.ttf */ = {isa = PBXFileReference; lastKnownFileType = file; path = "Roboto-Italic.ttf"; sourceTree = "<group>"; };
		3AFBD90728A577B800E8661D /* Roboto-Regular.ttf */ = {isa = PBXFileReference; lastKnownFileType = file; path = "Roboto-Regular.ttf"; sourceTree = "<group>"; };
		3AFBD90828A577B800E8661D /* Roboto-Bold.ttf */ = {isa = PBXFileReference; lastKnownFileType = file; path = "Roboto-Bold.ttf"; sourceTree = "<group>"; };
		3AFBD90C28A5782F00E8661D /* Info.plist */ = {isa = PBXFileReference; lastKnownFileType = text.plist; path = Info.plist; sourceTree = "<group>"; };
		3AFBD90D28A5876D00E8661D /* Fonts.swift */ = {isa = PBXFileReference; lastKnownFileType = sourcecode.swift; path = Fonts.swift; sourceTree = "<group>"; };
		3AFBD90F28A58A4E00E8661D /* TextView.swift */ = {isa = PBXFileReference; lastKnownFileType = sourcecode.swift; path = TextView.swift; sourceTree = "<group>"; };
		3AFBD91128A58D3200E8661D /* DataView.swift */ = {isa = PBXFileReference; lastKnownFileType = sourcecode.swift; path = DataView.swift; sourceTree = "<group>"; };
/* End PBXFileReference section */

/* Begin PBXFrameworksBuildPhase section */
		3AFBD8F128A56BD600E8661D /* Frameworks */ = {
			isa = PBXFrameworksBuildPhase;
			buildActionMask = 2147483647;
			files = (
			);
			runOnlyForDeploymentPostprocessing = 0;
		};
/* End PBXFrameworksBuildPhase section */

/* Begin PBXGroup section */
		3AFBD8EB28A56BD600E8661D = {
			isa = PBXGroup;
			children = (
				3AFBD8F628A56BD600E8661D /* App01-MiPerfil */,
				3AFBD8F528A56BD600E8661D /* Products */,
			);
			sourceTree = "<group>";
		};
		3AFBD8F528A56BD600E8661D /* Products */ = {
			isa = PBXGroup;
			children = (
				3AFBD8F428A56BD600E8661D /* App01-MiPerfil.app */,
			);
			name = Products;
			sourceTree = "<group>";
		};
		3AFBD8F628A56BD600E8661D /* App01-MiPerfil */ = {
			isa = PBXGroup;
			children = (
				3AFBD90C28A5782F00E8661D /* Info.plist */,
				3AFBD90528A5774C00E8661D /* Fonts */,
				3AFBD8F728A56BD600E8661D /* App01_MiPerfilApp.swift */,
				3AFBD8F928A56BD600E8661D /* HomeView.swift */,
				3AFBD91128A58D3200E8661D /* DataView.swift */,
				3AFBD90F28A58A4E00E8661D /* TextView.swift */,
				3AFBD8FB28A56BD700E8661D /* Assets.xcassets */,
				3AFBD8FD28A56BD700E8661D /* Preview Content */,
			);
			path = "App01-MiPerfil";
			sourceTree = "<group>";
		};
		3AFBD8FD28A56BD700E8661D /* Preview Content */ = {
			isa = PBXGroup;
			children = (
				3AFBD8FE28A56BD700E8661D /* Preview Assets.xcassets */,
			);
			path = "Preview Content";
			sourceTree = "<group>";
		};
		3AFBD90528A5774C00E8661D /* Fonts */ = {
			isa = PBXGroup;
			children = (
				3AFBD90828A577B800E8661D /* Roboto-Bold.ttf */,
				3AFBD90628A577B800E8661D /* Roboto-Italic.ttf */,
				3AFBD90728A577B800E8661D /* Roboto-Regular.ttf */,
				3AFBD90D28A5876D00E8661D /* Fonts.swift */,
			);
			path = Fonts;
			sourceTree = "<group>";
		};
/* End PBXGroup section */

/* Begin PBXNativeTarget section */
		3AFBD8F328A56BD600E8661D /* App01-MiPerfil */ = {
			isa = PBXNativeTarget;
			buildConfigurationList = 3AFBD90228A56BD700E8661D /* Build configuration list for PBXNativeTarget "App01-MiPerfil" */;
			buildPhases = (
				3AFBD8F028A56BD600E8661D /* Sources */,
				3AFBD8F128A56BD600E8661D /* Frameworks */,
				3AFBD8F228A56BD600E8661D /* Resources */,
			);
			buildRules = (
			);
			dependencies = (
			);
			name = "App01-MiPerfil";
			productName = "App01-MiPerfil";
			productReference = 3AFBD8F428A56BD600E8661D /* App01-MiPerfil.app */;
			productType = "com.apple.product-type.application";
		};
/* End PBXNativeTarget section */

/* Begin PBXProject section */
		3AFBD8EC28A56BD600E8661D /* Project object */ = {
			isa = PBXProject;
			attributes = {
				BuildIndependentTargetsInParallel = 1;
				LastSwiftUpdateCheck = 1340;
				LastUpgradeCheck = 1340;
				TargetAttributes = {
					3AFBD8F328A56BD600E8661D = {
						CreatedOnToolsVersion = 13.4.1;
					};
				};
			};
			buildConfigurationList = 3AFBD8EF28A56BD600E8661D /* Build configuration list for PBXProject "App01-MiPerfil" */;
			compatibilityVersion = "Xcode 13.0";
			developmentRegion = en;
			hasScannedForEncodings = 0;
			knownRegions = (
				en,
				Base,
			);
			mainGroup = 3AFBD8EB28A56BD600E8661D;
			productRefGroup = 3AFBD8F528A56BD600E8661D /* Products */;
			projectDirPath = "";
			projectRoot = "";
			targets = (
				3AFBD8F328A56BD600E8661D /* App01-MiPerfil */,
			);
		};
/* End PBXProject section */

/* Begin PBXResourcesBuildPhase section */
		3AFBD8F228A56BD600E8661D /* Resources */ = {
			isa = PBXResourcesBuildPhase;
			buildActionMask = 2147483647;
			files = (
				3AFBD8FF28A56BD700E8661D /* Preview Assets.xcassets in Resources */,
				3AFBD90928A577B800E8661D /* Roboto-Italic.ttf in Resources */,
				3AFBD90B28A577B800E8661D /* Roboto-Bold.ttf in Resources */,
				3AFBD90A28A577B800E8661D /* Roboto-Regular.ttf in Resources */,
				3AFBD8FC28A56BD700E8661D /* Assets.xcassets in Resources */,
			);
			runOnlyForDeploymentPostprocessing = 0;
		};
/* End PBXResourcesBuildPhase section */

/* Begin PBXSourcesBuildPhase section */
		3AFBD8F028A56BD600E8661D /* Sources */ = {
			isa = PBXSourcesBuildPhase;
			buildActionMask = 2147483647;
			files = (
				3AFBD8FA28A56BD600E8661D /* HomeView.swift in Sources */,
				3AFBD91028A58A4E00E8661D /* TextView.swift in Sources */,
				3AFBD91228A58D3200E8661D /* DataView.swift in Sources */,
				3AFBD90E28A5876D00E8661D /* Fonts.swift in Sources */,
				3AFBD8F828A56BD600E8661D /* App01_MiPerfilApp.swift in Sources */,
			);
			runOnlyForDeploymentPostprocessing = 0;
		};
/* End PBXSourcesBuildPhase section */

/* Begin XCBuildConfiguration section */
		3AFBD90028A56BD700E8661D /* Debug */ = {
			isa = XCBuildConfiguration;
			buildSettings = {
				ALWAYS_SEARCH_USER_PATHS = NO;
				CLANG_ANALYZER_NONNULL = YES;
				CLANG_ANALYZER_NUMBER_OBJECT_CONVERSION = YES_AGGRESSIVE;
				CLANG_CXX_LANGUAGE_STANDARD = "gnu++17";
				CLANG_ENABLE_MODULES = YES;
				CLANG_ENABLE_OBJC_ARC = YES;
				CLANG_ENABLE_OBJC_WEAK = YES;
				CLANG_WARN_BLOCK_CAPTURE_AUTORELEASING = YES;
				CLANG_WARN_BOOL_CONVERSION = YES;
				CLANG_WARN_COMMA = YES;
				CLANG_WARN_CONSTANT_CONVERSION = YES;
				CLANG_WARN_DEPRECATED_OBJC_IMPLEMENTATIONS = YES;
				CLANG_WARN_DIRECT_OBJC_ISA_USAGE = YES_ERROR;
				CLANG_WARN_DOCUMENTATION_COMMENTS = YES;
				CLANG_WARN_EMPTY_BODY = YES;
				CLANG_WARN_ENUM_CONVERSION = YES;
				CLANG_WARN_INFINITE_RECURSION = YES;
				CLANG_WARN_INT_CONVERSION = YES;
				CLANG_WARN_NON_LITERAL_NULL_CONVERSION = YES;
				CLANG_WARN_OBJC_IMPLICIT_RETAIN_SELF = YES;
				CLANG_WARN_OBJC_LITERAL_CONVERSION = YES;
				CLANG_WARN_OBJC_ROOT_CLASS = YES_ERROR;
				CLANG_WARN_QUOTED_INCLUDE_IN_FRAMEWORK_HEADER = YES;
				CLANG_WARN_RANGE_LOOP_ANALYSIS = YES;
				CLANG_WARN_STRICT_PROTOTYPES = YES;
				CLANG_WARN_SUSPICIOUS_MOVE = YES;
				CLANG_WARN_UNGUARDED_AVAILABILITY = YES_AGGRESSIVE;
				CLANG_WARN_UNREACHABLE_CODE = YES;
				CLANG_WARN__DUPLICATE_METHOD_MATCH = YES;
				COPY_PHASE_STRIP = NO;
				DEBUG_INFORMATION_FORMAT = dwarf;
				ENABLE_STRICT_OBJC_MSGSEND = YES;
				ENABLE_TESTABILITY = YES;
				GCC_C_LANGUAGE_STANDARD = gnu11;
				GCC_DYNAMIC_NO_PIC = NO;
				GCC_NO_COMMON_BLOCKS = YES;
				GCC_OPTIMIZATION_LEVEL = 0;
				GCC_PREPROCESSOR_DEFINITIONS = (
					"DEBUG=1",
					"$(inherited)",
				);
				GCC_WARN_64_TO_32_BIT_CONVERSION = YES;
				GCC_WARN_ABOUT_RETURN_TYPE = YES_ERROR;
				GCC_WARN_UNDECLARED_SELECTOR = YES;
				GCC_WARN_UNINITIALIZED_AUTOS = YES_AGGRESSIVE;
				GCC_WARN_UNUSED_FUNCTION = YES;
				GCC_WARN_UNUSED_VARIABLE = YES;
				IPHONEOS_DEPLOYMENT_TARGET = 15.5;
				MTL_ENABLE_DEBUG_INFO = INCLUDE_SOURCE;
				MTL_FAST_MATH = YES;
				ONLY_ACTIVE_ARCH = YES;
				SDKROOT = iphoneos;
				SWIFT_ACTIVE_COMPILATION_CONDITIONS = DEBUG;
				SWIFT_OPTIMIZATION_LEVEL = "-Onone";
			};
			name = Debug;
		};
		3AFBD90128A56BD700E8661D /* Release */ = {
			isa = XCBuildConfiguration;
			buildSettings = {
				ALWAYS_SEARCH_USER_PATHS = NO;
				CLANG_ANALYZER_NONNULL = YES;
				CLANG_ANALYZER_NUMBER_OBJECT_CONVERSION = YES_AGGRESSIVE;
				CLANG_CXX_LANGUAGE_STANDARD = "gnu++17";
				CLANG_ENABLE_MODULES = YES;
				CLANG_ENABLE_OBJC_ARC = YES;
				CLANG_ENABLE_OBJC_WEAK = YES;
				CLANG_WARN_BLOCK_CAPTURE_AUTORELEASING = YES;
				CLANG_WARN_BOOL_CONVERSION = YES;
				CLANG_WARN_COMMA = YES;
				CLANG_WARN_CONSTANT_CONVERSION = YES;
				CLANG_WARN_DEPRECATED_OBJC_IMPLEMENTATIONS = YES;
				CLANG_WARN_DIRECT_OBJC_ISA_USAGE = YES_ERROR;
				CLANG_WARN_DOCUMENTATION_COMMENTS = YES;
				CLANG_WARN_EMPTY_BODY = YES;
				CLANG_WARN_ENUM_CONVERSION = YES;
				CLANG_WARN_INFINITE_RECURSION = YES;
				CLANG_WARN_INT_CONVERSION = YES;
				CLANG_WARN_NON_LITERAL_NULL_CONVERSION = YES;
				CLANG_WARN_OBJC_IMPLICIT_RETAIN_SELF = YES;
				CLANG_WARN_OBJC_LITERAL_CONVERSION = YES;
				CLANG_WARN_OBJC_ROOT_CLASS = YES_ERROR;
				CLANG_WARN_QUOTED_INCLUDE_IN_FRAMEWORK_HEADER = YES;
				CLANG_WARN_RANGE_LOOP_ANALYSIS = YES;
				CLANG_WARN_STRICT_PROTOTYPES = YES;
				CLANG_WARN_SUSPICIOUS_MOVE = YES;
				CLANG_WARN_UNGUARDED_AVAILABILITY = YES_AGGRESSIVE;
				CLANG_WARN_UNREACHABLE_CODE = YES;
				CLANG_WARN__DUPLICATE_METHOD_MATCH = YES;
				COPY_PHASE_STRIP = NO;
				DEBUG_INFORMATION_FORMAT = "dwarf-with-dsym";
				ENABLE_NS_ASSERTIONS = NO;
				ENABLE_STRICT_OBJC_MSGSEND = YES;
				GCC_C_LANGUAGE_STANDARD = gnu11;
				GCC_NO_COMMON_BLOCKS = YES;
				GCC_WARN_64_TO_32_BIT_CONVERSION = YES;
				GCC_WARN_ABOUT_RETURN_TYPE = YES_ERROR;
				GCC_WARN_UNDECLARED_SELECTOR = YES;
				GCC_WARN_UNINITIALIZED_AUTOS = YES_AGGRESSIVE;
				GCC_WARN_UNUSED_FUNCTION = YES;
				GCC_WARN_UNUSED_VARIABLE = YES;
				IPHONEOS_DEPLOYMENT_TARGET = 15.5;
				MTL_ENABLE_DEBUG_INFO = NO;
				MTL_FAST_MATH = YES;
				SDKROOT = iphoneos;
				SWIFT_COMPILATION_MODE = wholemodule;
				SWIFT_OPTIMIZATION_LEVEL = "-O";
				VALIDATE_PRODUCT = YES;
			};
			name = Release;
		};
		3AFBD90328A56BD700E8661D /* Debug */ = {
			isa = XCBuildConfiguration;
			buildSettings = {
				ASSETCATALOG_COMPILER_APPICON_NAME = AppIcon;
				ASSETCATALOG_COMPILER_GLOBAL_ACCENT_COLOR_NAME = AccentColor;
				CODE_SIGN_STYLE = Automatic;
				CURRENT_PROJECT_VERSION = 1;
				DEVELOPMENT_ASSET_PATHS = "\"App01-MiPerfil/Preview Content\"";
				DEVELOPMENT_TEAM = J97L2A8AMM;
				ENABLE_PREVIEWS = YES;
				GENERATE_INFOPLIST_FILE = YES;
				INFOPLIST_FILE = "App01-MiPerfil/Info.plist";
				INFOPLIST_KEY_UIApplicationSceneManifest_Generation = YES;
				INFOPLIST_KEY_UIApplicationSupportsIndirectInputEvents = YES;
				INFOPLIST_KEY_UILaunchScreen_Generation = YES;
				INFOPLIST_KEY_UISupportedInterfaceOrientations_iPad = "UIInterfaceOrientationPortrait UIInterfaceOrientationPortraitUpsideDown UIInterfaceOrientationLandscapeLeft UIInterfaceOrientationLandscapeRight";
				INFOPLIST_KEY_UISupportedInterfaceOrientations_iPhone = "UIInterfaceOrientationPortrait UIInterfaceOrientationLandscapeLeft UIInterfaceOrientationLandscapeRight";
				LD_RUNPATH_SEARCH_PATHS = (
					"$(inherited)",
					"@executable_path/Frameworks",
				);
				MARKETING_VERSION = 1.0;
				PRODUCT_BUNDLE_IDENTIFIER = "Bugsracer.App01-MiPerfil";
				PRODUCT_NAME = "$(TARGET_NAME)";
				SWIFT_EMIT_LOC_STRINGS = YES;
				SWIFT_VERSION = 5.0;
				TARGETED_DEVICE_FAMILY = "1,2";
			};
			name = Debug;
		};
		3AFBD90428A56BD700E8661D /* Release */ = {
			isa = XCBuildConfiguration;
			buildSettings = {
				ASSETCATALOG_COMPILER_APPICON_NAME = AppIcon;
				ASSETCATALOG_COMPILER_GLOBAL_ACCENT_COLOR_NAME = AccentColor;
				CODE_SIGN_STYLE = Automatic;
				CURRENT_PROJECT_VERSION = 1;
				DEVELOPMENT_ASSET_PATHS = "\"App01-MiPerfil/Preview Content\"";
				DEVELOPMENT_TEAM = J97L2A8AMM;
				ENABLE_PREVIEWS = YES;
				GENERATE_INFOPLIST_FILE = YES;
				INFOPLIST_FILE = "App01-MiPerfil/Info.plist";
				INFOPLIST_KEY_UIApplicationSceneManifest_Generation = YES;
				INFOPLIST_KEY_UIApplicationSupportsIndirectInputEvents = YES;
				INFOPLIST_KEY_UILaunchScreen_Generation = YES;
				INFOPLIST_KEY_UISupportedInterfaceOrientations_iPad = "UIInterfaceOrientationPortrait UIInterfaceOrientationPortraitUpsideDown UIInterfaceOrientationLandscapeLeft UIInterfaceOrientationLandscapeRight";
				INFOPLIST_KEY_UISupportedInterfaceOrientations_iPhone = "UIInterfaceOrientationPortrait UIInterfaceOrientationLandscapeLeft UIInterfaceOrientationLandscapeRight";
				LD_RUNPATH_SEARCH_PATHS = (
					"$(inherited)",
					"@executable_path/Frameworks",
				);
				MARKETING_VERSION = 1.0;
				PRODUCT_BUNDLE_IDENTIFIER = "Bugsracer.App01-MiPerfil";
				PRODUCT_NAME = "$(TARGET_NAME)";
				SWIFT_EMIT_LOC_STRINGS = YES;
				SWIFT_VERSION = 5.0;
				TARGETED_DEVICE_FAMILY = "1,2";
			};
			name = Release;
		};
/* End XCBuildConfiguration section */

/* Begin XCConfigurationList section */
		3AFBD8EF28A56BD600E8661D /* Build configuration list for PBXProject "App01-MiPerfil" */ = {
			isa = XCConfigurationList;
			buildConfigurations = (
				3AFBD90028A56BD700E8661D /* Debug */,
				3AFBD90128A56BD700E8661D /* Release */,
			);
			defaultConfigurationIsVisible = 0;
			defaultConfigurationName = Release;
		};
		3AFBD90228A56BD700E8661D /* Build configuration list for PBXNativeTarget "App01-MiPerfil" */ = {
			isa = XCConfigurationList;
			buildConfigurations = (
				3AFBD90328A56BD700E8661D /* Debug */,
				3AFBD90428A56BD700E8661D /* Release */,
			);
			defaultConfigurationIsVisible = 0;
			defaultConfigurationName = Release;
		};
/* End XCConfigurationList section */
	};
	rootObject = 3AFBD8EC28A56BD600E8661D /* Project object */;
}
